<?xml version="1.0" encoding="utf-8"?>
<Project xmlns="http://schemas.microsoft.com/developer/msbuild/2003">
  <ItemGroup>
    <Filter Include="Generated Files">
      <UniqueIdentifier>{71ED8ED8-ACB9-4CE9-BBE1-E00B30144E11}</UniqueIdentifier>
      <Extensions>cpp;c;cxx;moc;h;def;odl;idl;res;</Extensions>
    </Filter>
    <Filter Include="Generated Files">
      <UniqueIdentifier>{71ED8ED8-ACB9-4CE9-BBE1-E00B30144E11}</UniqueIdentifier>
      <Extensions>cpp;c;cxx;moc;h;def;odl;idl;res;</Extensions>
    </Filter>
    <Filter Include="Header Files">
      <UniqueIdentifier>{93995380-89BD-4b04-88EB-625FBE52EBFB}</UniqueIdentifier>
      <Extensions>h;hpp;hxx;hm;inl;inc;xsd</Extensions>
    </Filter>
    <Filter Include="Header Files">
      <UniqueIdentifier>{93995380-89BD-4b04-88EB-625FBE52EBFB}</UniqueIdentifier>
      <Extensions>h;hpp;hxx;hm;inl;inc;xsd</Extensions>
    </Filter>
    <Filter Include="Resource Files">
      <UniqueIdentifier>{D9D6E242-F8AF-46E4-B9FD-80ECBC20BA3E}</UniqueIdentifier>
      <Extensions>qrc;*</Extensions>
      <ParseFiles>false</ParseFiles>
    </Filter>
    <Filter Include="Resource Files">
      <UniqueIdentifier>{D9D6E242-F8AF-46E4-B9FD-80ECBC20BA3E}</UniqueIdentifier>
      <Extensions>qrc;*</Extensions>
      <ParseFiles>false</ParseFiles>
    </Filter>
    <Filter Include="Source Files">
      <UniqueIdentifier>{4FC737F1-C7A5-4376-A066-2A32D752A2FF}</UniqueIdentifier>
      <Extensions>cpp;c;cxx;def;odl;idl;hpj;bat;asm;asmx</Extensions>
    </Filter>
    <Filter Include="Source Files">
      <UniqueIdentifier>{4FC737F1-C7A5-4376-A066-2A32D752A2FF}</UniqueIdentifier>
      <Extensions>cpp;c;cxx;def;odl;idl;hpj;bat;asm;asmx</Extensions>
    </Filter>
    <Filter Include="Generated Files\Debug">
      <UniqueIdentifier>{0878f473-644e-4e21-b35a-74a4d3d60a8a}</UniqueIdentifier>
      <Extensions>cpp;moc</Extensions>
      <SourceControlFiles>False</SourceControlFiles>
    </Filter>
    <Filter Include="Generated Files\Release">
      <UniqueIdentifier>{392a2dee-e5e4-4163-b5cf-f58da63cca90}</UniqueIdentifier>
      <Extensions>cpp;moc</Extensions>
      <SourceControlFiles>False</SourceControlFiles>
    </Filter>
  </ItemGroup>
  <ItemGroup>
    <ClCompile Include="main.cpp">
      <Filter>Source Files</Filter>
    </ClCompile>
    <ClCompile Include="picrenderer.cpp">
      <Filter>Source Files</Filter>
    </ClCompile>
    <ClCompile Include="Debug\moc_painteditem.cpp">
      <Filter>Generated Files\Debug</Filter>
    </ClCompile>
    <ClCompile Include="Release\moc_painteditem.cpp">
      <Filter>Generated Files\Release</Filter>
    </ClCompile>
    <ClCompile Include="painteditem.cpp">
      <Filter>Source Files</Filter>
    </ClCompile>
    <ClCompile Include="inputitem.cpp">
      <Filter>Source Files</Filter>
    </ClCompile>
    <ClCompile Include="Debug\moc_inputitem.cpp">
      <Filter>Generated Files\Debug</Filter>
    </ClCompile>
    <ClCompile Include="Release\moc_inputitem.cpp">
      <Filter>Generated Files\Release</Filter>
    </ClCompile>
    <ClCompile Include="ffplay_qt.cpp">
      <Filter>Source Files</Filter>
    </ClCompile>
    <ClCompile Include="ffdshowdecoder.cpp">
      <Filter>Source Files</Filter>
    </ClCompile>
    <ClCompile Include="softwarerenderer.cpp">
      <Filter>Source Files</Filter>
    </ClCompile>
    <ClCompile Include="uvccontroler.cpp">
      <Filter>Source Files</Filter>
    </ClCompile>
    <ClCompile Include="qsvaccelerator.cpp">
      <Filter>Source Files</Filter>
    </ClCompile>
    <ClCompile Include="ffinputstream.cpp">
      <Filter>Source Files</Filter>
    </ClCompile>
    <ClCompile Include="ffobject.cpp">
      <Filter>Source Files</Filter>
    </ClCompile>
    <ClCompile Include="ffhwaccelerator.cpp">
      <Filter>Source Files</Filter>
    </ClCompile>
    <ClCompile Include="uvccapture.cpp">
      <Filter>Source Files</Filter>
    </ClCompile>
    <ClCompile Include="uvcuacinfo.cpp">
      <Filter>Source Files</Filter>
    </ClCompile>
    <ClCompile Include="displayitem.cpp">
      <Filter>Source Files</Filter>
    </ClCompile>
    <ClCompile Include="uvcdshowgrabber.cpp">
      <Filter>Source Files</Filter>
    </ClCompile>
    <ClCompile Include="Debug\moc_uvcuacinfo.cpp">
      <Filter>Generated Files\Debug</Filter>
    </ClCompile>
    <ClCompile Include="Release\moc_uvcuacinfo.cpp">
      <Filter>Generated Files\Release</Filter>
    </ClCompile>
    <ClCompile Include="Debug\moc_uvcdshowgrabber.cpp">
      <Filter>Generated Files\Debug</Filter>
    </ClCompile>
    <ClCompile Include="Release\moc_uvcdshowgrabber.cpp">
      <Filter>Generated Files\Release</Filter>
    </ClCompile>
    <ClCompile Include="Debug\moc_uvccontroler.cpp">
      <Filter>Generated Files\Debug</Filter>
    </ClCompile>
    <ClCompile Include="Debug\moc_uvccapture.cpp">
      <Filter>Generated Files\Debug</Filter>
    </ClCompile>
    <ClCompile Include="Release\moc_uvccapture.cpp">
      <Filter>Generated Files\Release</Filter>
    </ClCompile>
    <ClCompile Include="Debug\moc_qsvaccelerator.cpp">
      <Filter>Generated Files\Debug</Filter>
    </ClCompile>
    <ClCompile Include="Release\moc_qsvaccelerator.cpp">
      <Filter>Generated Files\Release</Filter>
    </ClCompile>
    <ClCompile Include="Debug\moc_ffplay_qt.cpp">
      <Filter>Generated Files\Debug</Filter>
    </ClCompile>
    <ClCompile Include="Debug\moc_ffobject.cpp">
      <Filter>Generated Files\Debug</Filter>
    </ClCompile>
    <ClCompile Include="Release\moc_ffobject.cpp">
      <Filter>Generated Files\Release</Filter>
    </ClCompile>
    <ClCompile Include="Debug\moc_ffinputstream.cpp">
      <Filter>Generated Files\Debug</Filter>
    </ClCompile>
    <ClCompile Include="Release\moc_ffinputstream.cpp">
      <Filter>Generated Files\Release</Filter>
    </ClCompile>
    <ClCompile Include="Debug\moc_ffhwaccelerator.cpp">
      <Filter>Generated Files\Debug</Filter>
    </ClCompile>
    <ClCompile Include="Release\moc_ffhwaccelerator.cpp">
      <Filter>Generated Files\Release</Filter>
    </ClCompile>
    <ClCompile Include="Debug\moc_displayitem.cpp">
      <Filter>Generated Files\Debug</Filter>
    </ClCompile>
    <ClCompile Include="Release\moc_displayitem.cpp">
      <Filter>Generated Files\Release</Filter>
    </ClCompile>
    <ClCompile Include="GeneratedFiles\qrc_qml.cpp">
      <Filter>Generated Files</Filter>
    </ClCompile>
    <ClCompile Include="Release\moc_uvccontroler.cpp">
      <Filter>Generated Files\Release</Filter>
    </ClCompile>
    <ClCompile Include="Release\moc_ffplay_qt.cpp">
      <Filter>Generated Files\Release</Filter>
    </ClCompile>
  </ItemGroup>
  <ItemGroup>
    <CustomBuild Include="painteditem.hpp">
      <Filter>Header Files</Filter>
    </CustomBuild>
    <CustomBuild Include="inputitem.hpp">
      <Filter>Header Files</Filter>
    </CustomBuild>
    <CustomBuild Include="ffplay_qt.h">
      <Filter>Header Files</Filter>
    </CustomBuild>
    <CustomBuild Include="ffdshowdecoder.h">
      <Filter>Header Files</Filter>
    </CustomBuild>
    <CustomBuild Include="uvccontroler.h">
      <Filter>Header Files</Filter>
    </CustomBuild>
    <CustomBuild Include="qsvaccelerator.h">
      <Filter>Header Files</Filter>
    </CustomBuild>
    <CustomBuild Include="ffinputstream.h">
      <Filter>Header Files</Filter>
    </CustomBuild>
    <CustomBuild Include="ffobject.h">
      <Filter>Header Files</Filter>
    </CustomBuild>
    <CustomBuild Include="ffhwaccelerator.h">
      <Filter>Header Files</Filter>
    </CustomBuild>
    <CustomBuild Include="uvccapture.h">
      <Filter>Header Files</Filter>
    </CustomBuild>
    <CustomBuild Include="uvcuacinfo.h">
      <Filter>Header Files</Filter>
    </CustomBuild>
    <CustomBuild Include="displayitem.h">
      <Filter>Header Files</Filter>
    </CustomBuild>
    <CustomBuild Include="uvcdshowgrabber.h">
      <Filter>Header Files</Filter>
    </CustomBuild>
  </ItemGroup>
  <ItemGroup>
    <CustomBuild Include="debug\moc_predefs.h.cbt">
      <Filter>Generated Files</Filter>
    </CustomBuild>
    <CustomBuild Include="release\moc_predefs.h.cbt">
      <Filter>Generated Files</Filter>
    </CustomBuild>
  </ItemGroup>
  <ItemGroup>
    <CustomBuild Include="qml.qrc">
      <Filter>Resource Files</Filter>
    </CustomBuild>
    <None Include="VideoGallary.qml">
      <Filter>Resource Files</Filter>
    </None>
    <None Include="picturegallary.qml">
      <Filter>Resource Files</Filter>
    </None>
    <None Include="settingsdialog.qml">
      <Filter>Resource Files</Filter>
    </None>
  </ItemGroup>
  <ItemGroup>
    <ClInclude Include="softwarerenderer.h">
      <Filter>Header Files</Filter>
    </ClInclude>
    <ClInclude Include="hiuvcextensionunit.h">
      <Filter>Header Files</Filter>
    </ClInclude>
    <ClInclude Include="hi_uvc_ext_ctrl.h">
      <Filter>Header Files</Filter>
    </ClInclude>
  </ItemGroup>
  <ItemGroup>
    <None Include="visualizer.qml">
      <Filter>Resource Files</Filter>
    </None>
    <None Include="Anotation.qml">
      <Filter>Resource Files</Filter>
    </None>
    <None Include="ImageDialog.qml">
      <Filter>Resource Files</Filter>
    </None>
    <None Include="Tools.qml">
      <Filter>Resource Files</Filter>
    </None>
    <None Include="Acrylic.qml">
      <Filter>Resource Files</Filter>
    </None>
    <None Include="PictureGrid.qml">
      <Filter>Resource Files</Filter>
    </None>
    <None Include="ColorCell.qml">
      <Filter>Resource Files</Filter>
    </None>
    <None Include="BehaviorButton.qml">
      <Filter>Resource Files</Filter>
    </None>
    <None Include="common.js">
      <Filter>Resource Files</Filter>
    </None>
    <None Include="AdjustDialog.qml">
      <Filter>Resource Files</Filter>
    </None>
    <None Include="PictureFlow.qml">
      <Filter>Resource Files</Filter>
    </None>
    <None Include="ImageViwer.qml">
      <Filter>Resource Files</Filter>
    </None>
    <None Include="yuv420p.fsh">
      <Filter>Resource Files</Filter>
    </None>
    <None Include="nv12.fsh">
      <Filter>Resource Files</Filter>
    </None>
    <None Include="yuy2.fsh">
      <Filter>Resource Files</Filter>
    </None>
    <None Include="yuv422p.fsh">
      <Filter>Resource Files</Filter>
    </None>
  </ItemGroup>
</Project>